
Microsoft Visual Studio Solution File, Format Version 12.00
# Visual Studio Version 16
VisualStudioVersion = 16.0.31424.327
MinimumVisualStudioVersion = 10.0.40219.1
Project("{FAE04EC0-301F-11D3-BF4B-00C04F79EFBC}") = "MvcCv", "MvcCv\MvcCv.csproj", "{5A3328F8-6186-43B1-B856-A408E066D913}"
EndProject
Global
	GlobalSection(SolutionConfigurationPlatforms) = preSolution
		Debug|Any CPU = Debug|Any CPU
		Release|Any CPU = Release|Any CPU
	EndGlobalSection
	GlobalSection(ProjectConfigurationPlatforms) = postSolution
		{5A3328F8-6186-43B1-B856-A408E066D913}.Debug|Any CPU.ActiveCfg = Debug|Any CPU
		{5A3328F8-6186-43B1-B856-A408E066D913}.Debug|Any CPU.Build.0 = Debug|Any CPU
		{5A3328F8-6186-43B1-B856-A408E066D913}.Release|Any CPU.ActiveCfg = Release|Any CPU
		{5A3328F8-6186-43B1-B856-A408E066D913}.Release|Any CPU.Build.0 = Release|Any CPU
	EndGlobalSection
	GlobalSection(SolutionProperties) = preSolution
		HideSolutionNode = FALSE
	EndGlobalSection
	GlobalSection(ExtensibilityGlobals) = postSolution
		SolutionGuid = {23D53C09-5669-41EA-BCBF-C7B9947ECA54}
	EndGlobalSection
EndGlobal
